
Microsoft Visual Studio Solution File, Format Version 12.00
# Visual Studio Version 17
VisualStudioVersion = 17.7.34031.279
MinimumVisualStudioVersion = 10.0.40219.1
Project("{E24C65DC-7377-472B-9ABA-BC803B73C61A}") = "Web-Laba", "http://localhost:51264", "{FDE3FB24-BA64-44AA-A169-31D338A1AD0D}"
	ProjectSection(WebsiteProperties) = preProject
		UseIISExpress = "true"
		TargetFrameworkMoniker = ".NETFramework,Version%3Dv4.8"
		Debug.AspNetCompiler.VirtualPath = "/localhost_51264"
		Debug.AspNetCompiler.PhysicalPath = "..\..\..\Documents\My Web Sites\Web-Laba\"
		Debug.AspNetCompiler.TargetPath = "PrecompiledWeb\localhost_51264\"
		Debug.AspNetCompiler.Updateable = "true"
		Debug.AspNetCompiler.ForceOverwrite = "true"
		Debug.AspNetCompiler.FixedNames = "false"
		Debug.AspNetCompiler.Debug = "True"
		Release.AspNetCompiler.VirtualPath = "/localhost_51264"
		Release.AspNetCompiler.PhysicalPath = "..\..\..\Documents\My Web Sites\Web-Laba\"
		Release.AspNetCompiler.TargetPath = "PrecompiledWeb\localhost_51264\"
		Release.AspNetCompiler.Updateable = "true"
		Release.AspNetCompiler.ForceOverwrite = "true"
		Release.AspNetCompiler.FixedNames = "false"
		Release.AspNetCompiler.Debug = "False"
		SlnRelativePath = "..\..\..\Documents\My Web Sites\Web-Laba\"
	EndProjectSection
EndProject
Global
	GlobalSection(SolutionConfigurationPlatforms) = preSolution
		Debug|Any CPU = Debug|Any CPU
	EndGlobalSection
	GlobalSection(ProjectConfigurationPlatforms) = postSolution
		{FDE3FB24-BA64-44AA-A169-31D338A1AD0D}.Debug|Any CPU.ActiveCfg = Debug|Any CPU
		{FDE3FB24-BA64-44AA-A169-31D338A1AD0D}.Debug|Any CPU.Build.0 = Debug|Any CPU
	EndGlobalSection
	GlobalSection(SolutionProperties) = preSolution
		HideSolutionNode = FALSE
	EndGlobalSection
	GlobalSection(ExtensibilityGlobals) = postSolution
		SolutionGuid = {3FEF6BD2-C003-454C-B2F8-0E0998C165B3}
	EndGlobalSection
EndGlobal
